// !$*UTF8*$!
{
	archiveVersion = 1;
	classes = {
	};
	objectVersion = 56;
	objects = {

/* Begin PBXBuildFile section */
		A90B64982B9B8D7700DE7A53 /* RegisterView.swift in Sources */ = {isa = PBXBuildFile; fileRef = A90B64972B9B8D7700DE7A53 /* RegisterView.swift */; };
		A90B649A2B9B8DDC00DE7A53 /* RegisterViewModel.swift in Sources */ = {isa = PBXBuildFile; fileRef = A90B64992B9B8DDC00DE7A53 /* RegisterViewModel.swift */; };
		A90B649E2B9B8EF200DE7A53 /* Navigator.swift in Sources */ = {isa = PBXBuildFile; fileRef = A90B649D2B9B8EF200DE7A53 /* Navigator.swift */; };
		A90B64A02B9B8EFD00DE7A53 /* Routes.swift in Sources */ = {isa = PBXBuildFile; fileRef = A90B649F2B9B8EFD00DE7A53 /* Routes.swift */; };
		A90B64A32B9B93E200DE7A53 /* Mock.swift in Sources */ = {isa = PBXBuildFile; fileRef = A90B64A22B9B93E200DE7A53 /* Mock.swift */; };
		A90B64A52B9B969500DE7A53 /* User.swift in Sources */ = {isa = PBXBuildFile; fileRef = A90B64A42B9B969500DE7A53 /* User.swift */; };
		A942FC462B9B7ACC008CA2C8 /* SwiftUISampleApp.swift in Sources */ = {isa = PBXBuildFile; fileRef = A942FC452B9B7ACC008CA2C8 /* SwiftUISampleApp.swift */; };
		A942FC482B9B7ACC008CA2C8 /* MainView.swift in Sources */ = {isa = PBXBuildFile; fileRef = A942FC472B9B7ACC008CA2C8 /* MainView.swift */; };
		A942FC4A2B9B7ACD008CA2C8 /* Assets.xcassets in Resources */ = {isa = PBXBuildFile; fileRef = A942FC492B9B7ACD008CA2C8 /* Assets.xcassets */; };
		A942FC4E2B9B7ACD008CA2C8 /* Preview Assets.xcassets in Resources */ = {isa = PBXBuildFile; fileRef = A942FC4D2B9B7ACD008CA2C8 /* Preview Assets.xcassets */; };
		A942FC582B9B7ACD008CA2C8 /* SwiftUISampleTests.swift in Sources */ = {isa = PBXBuildFile; fileRef = A942FC572B9B7ACD008CA2C8 /* SwiftUISampleTests.swift */; };
		A95CAF802B9C67ED0088561E /* Localizable.xcstrings in Resources */ = {isa = PBXBuildFile; fileRef = A95CAF7F2B9C67ED0088561E /* Localizable.xcstrings */; };
		A95CAF842B9C6BB50088561E /* strings.py in Resources */ = {isa = PBXBuildFile; fileRef = A95CAF832B9C6BB50088561E /* strings.py */; };
		A95CAF862B9C8F7B0088561E /* Strings.swift in Sources */ = {isa = PBXBuildFile; fileRef = A95CAF852B9C8F7B0088561E /* Strings.swift */; };
		A95CAF882B9C96670088561E /* Makefile in Resources */ = {isa = PBXBuildFile; fileRef = A95CAF872B9C96670088561E /* Makefile */; };
		A95CAF892B9CA78A0088561E /* RegisterViewModel.swift in Sources */ = {isa = PBXBuildFile; fileRef = A90B64992B9B8DDC00DE7A53 /* RegisterViewModel.swift */; };
		A992DF742B9D9BFD006EA567 /* Storage.swift in Sources */ = {isa = PBXBuildFile; fileRef = A992DF732B9D9BFD006EA567 /* Storage.swift */; };
		A992DF762B9DAADC006EA567 /* Parser.swift in Sources */ = {isa = PBXBuildFile; fileRef = A992DF752B9DAADC006EA567 /* Parser.swift */; };
		A992DF782B9DAF53006EA567 /* Keys.swift in Sources */ = {isa = PBXBuildFile; fileRef = A992DF772B9DAF53006EA567 /* Keys.swift */; };
		A992DF792B9DBB59006EA567 /* Storage.swift in Sources */ = {isa = PBXBuildFile; fileRef = A992DF732B9D9BFD006EA567 /* Storage.swift */; };
		A992DF7A2B9DBB69006EA567 /* Keys.swift in Sources */ = {isa = PBXBuildFile; fileRef = A992DF772B9DAF53006EA567 /* Keys.swift */; };
		A992DF7B2B9DBB8C006EA567 /* User.swift in Sources */ = {isa = PBXBuildFile; fileRef = A90B64A42B9B969500DE7A53 /* User.swift */; };
		A992DF7C2B9DBB92006EA567 /* Parser.swift in Sources */ = {isa = PBXBuildFile; fileRef = A992DF752B9DAADC006EA567 /* Parser.swift */; };
		A992DF7D2B9DCE29006EA567 /* Strings.swift in Sources */ = {isa = PBXBuildFile; fileRef = A95CAF852B9C8F7B0088561E /* Strings.swift */; };
		A992DF7F2B9DEA2A006EA567 /* WelcomeViewModel.swift in Sources */ = {isa = PBXBuildFile; fileRef = A992DF7E2B9DEA2A006EA567 /* WelcomeViewModel.swift */; };
		A9A1AA002B9CD99D0024D7F6 /* WelcomeView.swift in Sources */ = {isa = PBXBuildFile; fileRef = A9A1A9FF2B9CD99D0024D7F6 /* WelcomeView.swift */; };
		A9DFE5852B9E5BE90085C3AE /* WelcomeViewModel.swift in Sources */ = {isa = PBXBuildFile; fileRef = A992DF7E2B9DEA2A006EA567 /* WelcomeViewModel.swift */; };
		A9DFE5882B9E6E1A0085C3AE /* Lottie in Frameworks */ = {isa = PBXBuildFile; productRef = A9DFE5872B9E6E1A0085C3AE /* Lottie */; };
		A9DFE58B2B9E6E580085C3AE /* astronaut.json in Resources */ = {isa = PBXBuildFile; fileRef = A9DFE58A2B9E6E580085C3AE /* astronaut.json */; };
/* End PBXBuildFile section */

/* Begin PBXContainerItemProxy section */
		A942FC542B9B7ACD008CA2C8 /* PBXContainerItemProxy */ = {
			isa = PBXContainerItemProxy;
			containerPortal = A942FC3A2B9B7ACC008CA2C8 /* Project object */;
			proxyType = 1;
			remoteGlobalIDString = A942FC412B9B7ACC008CA2C8;
			remoteInfo = SwiftUISample;
		};
/* End PBXContainerItemProxy section */

/* Begin PBXFileReference section */
		A90B64912B9B7DFF00DE7A53 /* .gitignore */ = {isa = PBXFileReference; lastKnownFileType = text; path = .gitignore; sourceTree = SOURCE_ROOT; };
		A90B64972B9B8D7700DE7A53 /* RegisterView.swift */ = {isa = PBXFileReference; lastKnownFileType = sourcecode.swift; path = RegisterView.swift; sourceTree = "<group>"; };
		A90B64992B9B8DDC00DE7A53 /* RegisterViewModel.swift */ = {isa = PBXFileReference; lastKnownFileType = sourcecode.swift; path = RegisterViewModel.swift; sourceTree = "<group>"; };
		A90B649D2B9B8EF200DE7A53 /* Navigator.swift */ = {isa = PBXFileReference; lastKnownFileType = sourcecode.swift; path = Navigator.swift; sourceTree = "<group>"; };
		A90B649F2B9B8EFD00DE7A53 /* Routes.swift */ = {isa = PBXFileReference; lastKnownFileType = sourcecode.swift; path = Routes.swift; sourceTree = "<group>"; };
		A90B64A22B9B93E200DE7A53 /* Mock.swift */ = {isa = PBXFileReference; lastKnownFileType = sourcecode.swift; path = Mock.swift; sourceTree = "<group>"; };
		A90B64A42B9B969500DE7A53 /* User.swift */ = {isa = PBXFileReference; lastKnownFileType = sourcecode.swift; path = User.swift; sourceTree = "<group>"; };
		A942FC422B9B7ACC008CA2C8 /* SwiftUISample.app */ = {isa = PBXFileReference; explicitFileType = wrapper.application; includeInIndex = 0; path = SwiftUISample.app; sourceTree = BUILT_PRODUCTS_DIR; };
		A942FC452B9B7ACC008CA2C8 /* SwiftUISampleApp.swift */ = {isa = PBXFileReference; lastKnownFileType = sourcecode.swift; path = SwiftUISampleApp.swift; sourceTree = "<group>"; };
		A942FC472B9B7ACC008CA2C8 /* MainView.swift */ = {isa = PBXFileReference; lastKnownFileType = sourcecode.swift; path = MainView.swift; sourceTree = "<group>"; };
		A942FC492B9B7ACD008CA2C8 /* Assets.xcassets */ = {isa = PBXFileReference; lastKnownFileType = folder.assetcatalog; path = Assets.xcassets; sourceTree = "<group>"; };
		A942FC4B2B9B7ACD008CA2C8 /* SwiftUISample.entitlements */ = {isa = PBXFileReference; lastKnownFileType = text.plist.entitlements; path = SwiftUISample.entitlements; sourceTree = "<group>"; };
		A942FC4D2B9B7ACD008CA2C8 /* Preview Assets.xcassets */ = {isa = PBXFileReference; lastKnownFileType = folder.assetcatalog; path = "Preview Assets.xcassets"; sourceTree = "<group>"; };
		A942FC532B9B7ACD008CA2C8 /* SwiftUISampleTests.xctest */ = {isa = PBXFileReference; explicitFileType = wrapper.cfbundle; includeInIndex = 0; path = SwiftUISampleTests.xctest; sourceTree = BUILT_PRODUCTS_DIR; };
		A942FC572B9B7ACD008CA2C8 /* SwiftUISampleTests.swift */ = {isa = PBXFileReference; lastKnownFileType = sourcecode.swift; path = SwiftUISampleTests.swift; sourceTree = "<group>"; };
		A95CAF7F2B9C67ED0088561E /* Localizable.xcstrings */ = {isa = PBXFileReference; lastKnownFileType = text.json.xcstrings; path = Localizable.xcstrings; sourceTree = "<group>"; };
		A95CAF832B9C6BB50088561E /* strings.py */ = {isa = PBXFileReference; lastKnownFileType = text.script.python; path = strings.py; sourceTree = "<group>"; };
		A95CAF852B9C8F7B0088561E /* Strings.swift */ = {isa = PBXFileReference; lastKnownFileType = sourcecode.swift; path = Strings.swift; sourceTree = "<group>"; };
		A95CAF872B9C96670088561E /* Makefile */ = {isa = PBXFileReference; lastKnownFileType = sourcecode.make; path = Makefile; sourceTree = "<group>"; };
		A992DF732B9D9BFD006EA567 /* Storage.swift */ = {isa = PBXFileReference; lastKnownFileType = sourcecode.swift; path = Storage.swift; sourceTree = "<group>"; };
		A992DF752B9DAADC006EA567 /* Parser.swift */ = {isa = PBXFileReference; lastKnownFileType = sourcecode.swift; path = Parser.swift; sourceTree = "<group>"; };
		A992DF772B9DAF53006EA567 /* Keys.swift */ = {isa = PBXFileReference; lastKnownFileType = sourcecode.swift; path = Keys.swift; sourceTree = "<group>"; };
		A992DF7E2B9DEA2A006EA567 /* WelcomeViewModel.swift */ = {isa = PBXFileReference; lastKnownFileType = sourcecode.swift; path = WelcomeViewModel.swift; sourceTree = "<group>"; };
		A9A1A9FE2B9CAFD20024D7F6 /* UnitTests.xctestplan */ = {isa = PBXFileReference; lastKnownFileType = text; name = UnitTests.xctestplan; path = SwiftUISampleTests/UnitTests.xctestplan; sourceTree = SOURCE_ROOT; };
		A9A1A9FF2B9CD99D0024D7F6 /* WelcomeView.swift */ = {isa = PBXFileReference; lastKnownFileType = sourcecode.swift; path = WelcomeView.swift; sourceTree = "<group>"; };
		A9DFE58A2B9E6E580085C3AE /* astronaut.json */ = {isa = PBXFileReference; fileEncoding = 4; lastKnownFileType = text.json; name = astronaut.json; path = ../../../../../Downloads/astronaut.json; sourceTree = "<group>"; };
/* End PBXFileReference section */

/* Begin PBXFrameworksBuildPhase section */
		A942FC3F2B9B7ACC008CA2C8 /* Frameworks */ = {
			isa = PBXFrameworksBuildPhase;
			buildActionMask = 2147483647;
			files = (
				A9DFE5882B9E6E1A0085C3AE /* Lottie in Frameworks */,
			);
			runOnlyForDeploymentPostprocessing = 0;
		};
		A942FC502B9B7ACD008CA2C8 /* Frameworks */ = {
			isa = PBXFrameworksBuildPhase;
			buildActionMask = 2147483647;
			files = (
			);
			runOnlyForDeploymentPostprocessing = 0;
		};
/* End PBXFrameworksBuildPhase section */

/* Begin PBXGroup section */
		A90B64922B9B813B00DE7A53 /* Features */ = {
			isa = PBXGroup;
			children = (
				A90B64962B9B81BC00DE7A53 /* Navigation */,
				A90B64942B9B818F00DE7A53 /* Register */,
				A90B64952B9B819F00DE7A53 /* Welcome */,
			);
			path = Features;
			sourceTree = "<group>";
		};
		A90B64932B9B814C00DE7A53 /* Assets */ = {
			isa = PBXGroup;
			children = (
				A942FC492B9B7ACD008CA2C8 /* Assets.xcassets */,
				A9DFE5892B9E6E290085C3AE /* Animations */,
				A942FC4C2B9B7ACD008CA2C8 /* Preview Content */,
			);
			path = Assets;
			sourceTree = "<group>";
		};
		A90B64942B9B818F00DE7A53 /* Register */ = {
			isa = PBXGroup;
			children = (
				A90B64972B9B8D7700DE7A53 /* RegisterView.swift */,
				A90B64992B9B8DDC00DE7A53 /* RegisterViewModel.swift */,
			);
			path = Register;
			sourceTree = "<group>";
		};
		A90B64952B9B819F00DE7A53 /* Welcome */ = {
			isa = PBXGroup;
			children = (
				A9A1A9FF2B9CD99D0024D7F6 /* WelcomeView.swift */,
				A992DF7E2B9DEA2A006EA567 /* WelcomeViewModel.swift */,
			);
			path = Welcome;
			sourceTree = "<group>";
		};
		A90B64962B9B81BC00DE7A53 /* Navigation */ = {
			isa = PBXGroup;
			children = (
				A90B649D2B9B8EF200DE7A53 /* Navigator.swift */,
				A90B649F2B9B8EFD00DE7A53 /* Routes.swift */,
			);
			path = Navigation;
			sourceTree = "<group>";
		};
		A90B649B2B9B8E1100DE7A53 /* Data */ = {
			isa = PBXGroup;
			children = (
				A90B64A42B9B969500DE7A53 /* User.swift */,
				A992DF772B9DAF53006EA567 /* Keys.swift */,
			);
			path = Data;
			sourceTree = "<group>";
		};
		A90B649C2B9B8E1A00DE7A53 /* Utils */ = {
			isa = PBXGroup;
			children = (
				A992DF732B9D9BFD006EA567 /* Storage.swift */,
				A992DF752B9DAADC006EA567 /* Parser.swift */,
			);
			path = Utils;
			sourceTree = "<group>";
		};
		A90B64A12B9B93CB00DE7A53 /* Mock */ = {
			isa = PBXGroup;
			children = (
				A90B64A22B9B93E200DE7A53 /* Mock.swift */,
			);
			path = Mock;
			sourceTree = "<group>";
		};
		A90D80382B9C6428006E31C1 /* Localization */ = {
			isa = PBXGroup;
			children = (
				A95CAF852B9C8F7B0088561E /* Strings.swift */,
				A95CAF7F2B9C67ED0088561E /* Localizable.xcstrings */,
			);
			path = Localization;
			sourceTree = "<group>";
		};
		A90D80392B9C6446006E31C1 /* Scripts */ = {
			isa = PBXGroup;
			children = (
				A95CAF832B9C6BB50088561E /* strings.py */,
			);
			path = Scripts;
			sourceTree = "<group>";
		};
		A942FC392B9B7ACC008CA2C8 = {
			isa = PBXGroup;
			children = (
				A95CAF872B9C96670088561E /* Makefile */,
				A90B64912B9B7DFF00DE7A53 /* .gitignore */,
				A942FC442B9B7ACC008CA2C8 /* SwiftUISample */,
				A942FC562B9B7ACD008CA2C8 /* SwiftUISampleTests */,
				A942FC432B9B7ACC008CA2C8 /* Products */,
			);
			sourceTree = "<group>";
		};
		A942FC432B9B7ACC008CA2C8 /* Products */ = {
			isa = PBXGroup;
			children = (
				A942FC422B9B7ACC008CA2C8 /* SwiftUISample.app */,
				A942FC532B9B7ACD008CA2C8 /* SwiftUISampleTests.xctest */,
			);
			name = Products;
			sourceTree = "<group>";
		};
		A942FC442B9B7ACC008CA2C8 /* SwiftUISample */ = {
			isa = PBXGroup;
			children = (
				A942FC4B2B9B7ACD008CA2C8 /* SwiftUISample.entitlements */,
				A942FC452B9B7ACC008CA2C8 /* SwiftUISampleApp.swift */,
				A942FC472B9B7ACC008CA2C8 /* MainView.swift */,
				A90B64922B9B813B00DE7A53 /* Features */,
				A90B649B2B9B8E1100DE7A53 /* Data */,
				A90B649C2B9B8E1A00DE7A53 /* Utils */,
				A90D80382B9C6428006E31C1 /* Localization */,
				A90D80392B9C6446006E31C1 /* Scripts */,
				A90B64A12B9B93CB00DE7A53 /* Mock */,
				A90B64932B9B814C00DE7A53 /* Assets */,
			);
			path = SwiftUISample;
			sourceTree = "<group>";
		};
		A942FC4C2B9B7ACD008CA2C8 /* Preview Content */ = {
			isa = PBXGroup;
			children = (
				A942FC4D2B9B7ACD008CA2C8 /* Preview Assets.xcassets */,
			);
			path = "Preview Content";
			sourceTree = "<group>";
		};
		A942FC562B9B7ACD008CA2C8 /* SwiftUISampleTests */ = {
			isa = PBXGroup;
			children = (
				A942FC572B9B7ACD008CA2C8 /* SwiftUISampleTests.swift */,
				A9A1A9FE2B9CAFD20024D7F6 /* UnitTests.xctestplan */,
			);
			path = SwiftUISampleTests;
			sourceTree = "<group>";
		};
		A9DFE5892B9E6E290085C3AE /* Animations */ = {
			isa = PBXGroup;
			children = (
				A9DFE58A2B9E6E580085C3AE /* astronaut.json */,
			);
			path = Animations;
			sourceTree = "<group>";
		};
/* End PBXGroup section */

/* Begin PBXNativeTarget section */
		A942FC412B9B7ACC008CA2C8 /* SwiftUISample */ = {
			isa = PBXNativeTarget;
			buildConfigurationList = A942FC672B9B7ACD008CA2C8 /* Build configuration list for PBXNativeTarget "SwiftUISample" */;
			buildPhases = (
				A942FC3E2B9B7ACC008CA2C8 /* Sources */,
				A942FC3F2B9B7ACC008CA2C8 /* Frameworks */,
				A942FC402B9B7ACC008CA2C8 /* Resources */,
			);
			buildRules = (
			);
			dependencies = (
			);
			name = SwiftUISample;
			packageProductDependencies = (
				A9DFE5872B9E6E1A0085C3AE /* Lottie */,
			);
			productName = SwiftUISample;
			productReference = A942FC422B9B7ACC008CA2C8 /* SwiftUISample.app */;
			productType = "com.apple.product-type.application";
		};
		A942FC522B9B7ACD008CA2C8 /* SwiftUISampleTests */ = {
			isa = PBXNativeTarget;
			buildConfigurationList = A942FC6A2B9B7ACD008CA2C8 /* Build configuration list for PBXNativeTarget "SwiftUISampleTests" */;
			buildPhases = (
				A942FC4F2B9B7ACD008CA2C8 /* Sources */,
				A942FC502B9B7ACD008CA2C8 /* Frameworks */,
				A942FC512B9B7ACD008CA2C8 /* Resources */,
			);
			buildRules = (
			);
			dependencies = (
				A942FC552B9B7ACD008CA2C8 /* PBXTargetDependency */,
			);
			name = SwiftUISampleTests;
			productName = SwiftUISampleTests;
			productReference = A942FC532B9B7ACD008CA2C8 /* SwiftUISampleTests.xctest */;
			productType = "com.apple.product-type.bundle.unit-test";
		};
/* End PBXNativeTarget section */

/* Begin PBXProject section */
		A942FC3A2B9B7ACC008CA2C8 /* Project object */ = {
			isa = PBXProject;
			attributes = {
				BuildIndependentTargetsInParallel = 1;
				LastSwiftUpdateCheck = 1530;
				LastUpgradeCheck = 1530;
				TargetAttributes = {
					A942FC412B9B7ACC008CA2C8 = {
						CreatedOnToolsVersion = 15.3;
					};
					A942FC522B9B7ACD008CA2C8 = {
						CreatedOnToolsVersion = 15.3;
					};
				};
			};
			buildConfigurationList = A942FC3D2B9B7ACC008CA2C8 /* Build configuration list for PBXProject "SwiftUISample" */;
			compatibilityVersion = "Xcode 14.0";
			developmentRegion = de;
			hasScannedForEncodings = 0;
			knownRegions = (
				de,
				Base,
			);
			mainGroup = A942FC392B9B7ACC008CA2C8;
			packageReferences = (
				A9DFE5862B9E6E1A0085C3AE /* XCRemoteSwiftPackageReference "lottie-spm" */,
			);
			productRefGroup = A942FC432B9B7ACC008CA2C8 /* Products */;
			projectDirPath = "";
			projectRoot = "";
			targets = (
				A942FC412B9B7ACC008CA2C8 /* SwiftUISample */,
				A942FC522B9B7ACD008CA2C8 /* SwiftUISampleTests */,
			);
		};
/* End PBXProject section */

/* Begin PBXResourcesBuildPhase section */
		A942FC402B9B7ACC008CA2C8 /* Resources */ = {
			isa = PBXResourcesBuildPhase;
			buildActionMask = 2147483647;
			files = (
				A942FC4E2B9B7ACD008CA2C8 /* Preview Assets.xcassets in Resources */,
				A95CAF802B9C67ED0088561E /* Localizable.xcstrings in Resources */,
				A9DFE58B2B9E6E580085C3AE /* astronaut.json in Resources */,
				A942FC4A2B9B7ACD008CA2C8 /* Assets.xcassets in Resources */,
				A95CAF882B9C96670088561E /* Makefile in Resources */,
				A95CAF842B9C6BB50088561E /* strings.py in Resources */,
			);
			runOnlyForDeploymentPostprocessing = 0;
		};
		A942FC512B9B7ACD008CA2C8 /* Resources */ = {
			isa = PBXResourcesBuildPhase;
			buildActionMask = 2147483647;
			files = (
			);
			runOnlyForDeploymentPostprocessing = 0;
		};
/* End PBXResourcesBuildPhase section */

/* Begin PBXSourcesBuildPhase section */
		A942FC3E2B9B7ACC008CA2C8 /* Sources */ = {
			isa = PBXSourcesBuildPhase;
			buildActionMask = 2147483647;
			files = (
				A90B64982B9B8D7700DE7A53 /* RegisterView.swift in Sources */,
				A992DF742B9D9BFD006EA567 /* Storage.swift in Sources */,
				A95CAF862B9C8F7B0088561E /* Strings.swift in Sources */,
				A992DF7F2B9DEA2A006EA567 /* WelcomeViewModel.swift in Sources */,
				A90B64A02B9B8EFD00DE7A53 /* Routes.swift in Sources */,
				A992DF782B9DAF53006EA567 /* Keys.swift in Sources */,
				A90B649E2B9B8EF200DE7A53 /* Navigator.swift in Sources */,
				A90B64A32B9B93E200DE7A53 /* Mock.swift in Sources */,
				A9A1AA002B9CD99D0024D7F6 /* WelcomeView.swift in Sources */,
				A90B64A52B9B969500DE7A53 /* User.swift in Sources */,
				A992DF762B9DAADC006EA567 /* Parser.swift in Sources */,
				A942FC482B9B7ACC008CA2C8 /* MainView.swift in Sources */,
				A942FC462B9B7ACC008CA2C8 /* SwiftUISampleApp.swift in Sources */,
				A90B649A2B9B8DDC00DE7A53 /* RegisterViewModel.swift in Sources */,
			);
			runOnlyForDeploymentPostprocessing = 0;
		};
		A942FC4F2B9B7ACD008CA2C8 /* Sources */ = {
			isa = PBXSourcesBuildPhase;
			buildActionMask = 2147483647;
			files = (
				A942FC582B9B7ACD008CA2C8 /* SwiftUISampleTests.swift in Sources */,
				A9DFE5852B9E5BE90085C3AE /* WelcomeViewModel.swift in Sources */,
				A992DF7A2B9DBB69006EA567 /* Keys.swift in Sources */,
				A992DF7C2B9DBB92006EA567 /* Parser.swift in Sources */,
				A95CAF892B9CA78A0088561E /* RegisterViewModel.swift in Sources */,
				A992DF7B2B9DBB8C006EA567 /* User.swift in Sources */,
				A992DF792B9DBB59006EA567 /* Storage.swift in Sources */,
				A992DF7D2B9DCE29006EA567 /* Strings.swift in Sources */,
			);
			runOnlyForDeploymentPostprocessing = 0;
		};
/* End PBXSourcesBuildPhase section */

/* Begin PBXTargetDependency section */
		A942FC552B9B7ACD008CA2C8 /* PBXTargetDependency */ = {
			isa = PBXTargetDependency;
			target = A942FC412B9B7ACC008CA2C8 /* SwiftUISample */;
			targetProxy = A942FC542B9B7ACD008CA2C8 /* PBXContainerItemProxy */;
		};
/* End PBXTargetDependency section */

/* Begin XCBuildConfiguration section */
		A942FC652B9B7ACD008CA2C8 /* Debug */ = {
			isa = XCBuildConfiguration;
			buildSettings = {
				ALWAYS_SEARCH_USER_PATHS = NO;
				ASSETCATALOG_COMPILER_GENERATE_SWIFT_ASSET_SYMBOL_EXTENSIONS = YES;
				CLANG_ANALYZER_NONNULL = YES;
				CLANG_ANALYZER_NUMBER_OBJECT_CONVERSION = YES_AGGRESSIVE;
				CLANG_CXX_LANGUAGE_STANDARD = "gnu++20";
				CLANG_ENABLE_MODULES = YES;
				CLANG_ENABLE_OBJC_ARC = YES;
				CLANG_ENABLE_OBJC_WEAK = YES;
				CLANG_WARN_BLOCK_CAPTURE_AUTORELEASING = YES;
				CLANG_WARN_BOOL_CONVERSION = YES;
				CLANG_WARN_COMMA = YES;
				CLANG_WARN_CONSTANT_CONVERSION = YES;
				CLANG_WARN_DEPRECATED_OBJC_IMPLEMENTATIONS = YES;
				CLANG_WARN_DIRECT_OBJC_ISA_USAGE = YES_ERROR;
				CLANG_WARN_DOCUMENTATION_COMMENTS = YES;
				CLANG_WARN_EMPTY_BODY = YES;
				CLANG_WARN_ENUM_CONVERSION = YES;
				CLANG_WARN_INFINITE_RECURSION = YES;
				CLANG_WARN_INT_CONVERSION = YES;
				CLANG_WARN_NON_LITERAL_NULL_CONVERSION = YES;
				CLANG_WARN_OBJC_IMPLICIT_RETAIN_SELF = YES;
				CLANG_WARN_OBJC_LITERAL_CONVERSION = YES;
				CLANG_WARN_OBJC_ROOT_CLASS = YES_ERROR;
				CLANG_WARN_QUOTED_INCLUDE_IN_FRAMEWORK_HEADER = YES;
				CLANG_WARN_RANGE_LOOP_ANALYSIS = YES;
				CLANG_WARN_STRICT_PROTOTYPES = YES;
				CLANG_WARN_SUSPICIOUS_MOVE = YES;
				CLANG_WARN_UNGUARDED_AVAILABILITY = YES_AGGRESSIVE;
				CLANG_WARN_UNREACHABLE_CODE = YES;
				CLANG_WARN__DUPLICATE_METHOD_MATCH = YES;
				COPY_PHASE_STRIP = NO;
				CURRENT_PROJECT_VERSION = 24001;
				DEBUG_INFORMATION_FORMAT = dwarf;
				ENABLE_STRICT_OBJC_MSGSEND = YES;
				ENABLE_TESTABILITY = YES;
				ENABLE_USER_SCRIPT_SANDBOXING = YES;
				GCC_C_LANGUAGE_STANDARD = gnu17;
				GCC_DYNAMIC_NO_PIC = NO;
				GCC_NO_COMMON_BLOCKS = YES;
				GCC_OPTIMIZATION_LEVEL = 0;
				GCC_PREPROCESSOR_DEFINITIONS = (
					"DEBUG=1",
					"$(inherited)",
				);
				GCC_WARN_64_TO_32_BIT_CONVERSION = YES;
				GCC_WARN_ABOUT_RETURN_TYPE = YES_ERROR;
				GCC_WARN_UNDECLARED_SELECTOR = YES;
				GCC_WARN_UNINITIALIZED_AUTOS = YES_AGGRESSIVE;
				GCC_WARN_UNUSED_FUNCTION = YES;
				GCC_WARN_UNUSED_VARIABLE = YES;
				IPHONEOS_DEPLOYMENT_TARGET = 16.0;
				LOCALIZATION_PREFERS_STRING_CATALOGS = YES;
				MACOSX_DEPLOYMENT_TARGET = 13.0;
				MARKETING_VERSION = 0.0.1;
				MTL_ENABLE_DEBUG_INFO = INCLUDE_SOURCE;
				MTL_FAST_MATH = YES;
				ONLY_ACTIVE_ARCH = YES;
				SWIFT_ACTIVE_COMPILATION_CONDITIONS = "DEBUG $(inherited)";
				SWIFT_OPTIMIZATION_LEVEL = "-Onone";
			};
			name = Debug;
		};
		A942FC662B9B7ACD008CA2C8 /* Release */ = {
			isa = XCBuildConfiguration;
			buildSettings = {
				ALWAYS_SEARCH_USER_PATHS = NO;
				ASSETCATALOG_COMPILER_GENERATE_SWIFT_ASSET_SYMBOL_EXTENSIONS = YES;
				CLANG_ANALYZER_NONNULL = YES;
				CLANG_ANALYZER_NUMBER_OBJECT_CONVERSION = YES_AGGRESSIVE;
				CLANG_CXX_LANGUAGE_STANDARD = "gnu++20";
				CLANG_ENABLE_MODULES = YES;
				CLANG_ENABLE_OBJC_ARC = YES;
				CLANG_ENABLE_OBJC_WEAK = YES;
				CLANG_WARN_BLOCK_CAPTURE_AUTORELEASING = YES;
				CLANG_WARN_BOOL_CONVERSION = YES;
				CLANG_WARN_COMMA = YES;
				CLANG_WARN_CONSTANT_CONVERSION = YES;
				CLANG_WARN_DEPRECATED_OBJC_IMPLEMENTATIONS = YES;
				CLANG_WARN_DIRECT_OBJC_ISA_USAGE = YES_ERROR;
				CLANG_WARN_DOCUMENTATION_COMMENTS = YES;
				CLANG_WARN_EMPTY_BODY = YES;
				CLANG_WARN_ENUM_CONVERSION = YES;
				CLANG_WARN_INFINITE_RECURSION = YES;
				CLANG_WARN_INT_CONVERSION = YES;
				CLANG_WARN_NON_LITERAL_NULL_CONVERSION = YES;
				CLANG_WARN_OBJC_IMPLICIT_RETAIN_SELF = YES;
				CLANG_WARN_OBJC_LITERAL_CONVERSION = YES;
				CLANG_WARN_OBJC_ROOT_CLASS = YES_ERROR;
				CLANG_WARN_QUOTED_INCLUDE_IN_FRAMEWORK_HEADER = YES;
				CLANG_WARN_RANGE_LOOP_ANALYSIS = YES;
				CLANG_WARN_STRICT_PROTOTYPES = YES;
				CLANG_WARN_SUSPICIOUS_MOVE = YES;
				CLANG_WARN_UNGUARDED_AVAILABILITY = YES_AGGRESSIVE;
				CLANG_WARN_UNREACHABLE_CODE = YES;
				CLANG_WARN__DUPLICATE_METHOD_MATCH = YES;
				COPY_PHASE_STRIP = NO;
				CURRENT_PROJECT_VERSION = 24001;
				DEBUG_INFORMATION_FORMAT = "dwarf-with-dsym";
				ENABLE_NS_ASSERTIONS = NO;
				ENABLE_STRICT_OBJC_MSGSEND = YES;
				ENABLE_USER_SCRIPT_SANDBOXING = YES;
				GCC_C_LANGUAGE_STANDARD = gnu17;
				GCC_NO_COMMON_BLOCKS = YES;
				GCC_WARN_64_TO_32_BIT_CONVERSION = YES;
				GCC_WARN_ABOUT_RETURN_TYPE = YES_ERROR;
				GCC_WARN_UNDECLARED_SELECTOR = YES;
				GCC_WARN_UNINITIALIZED_AUTOS = YES_AGGRESSIVE;
				GCC_WARN_UNUSED_FUNCTION = YES;
				GCC_WARN_UNUSED_VARIABLE = YES;
				IPHONEOS_DEPLOYMENT_TARGET = 16.0;
				LOCALIZATION_PREFERS_STRING_CATALOGS = YES;
				MACOSX_DEPLOYMENT_TARGET = 13.0;
				MARKETING_VERSION = 0.0.1;
				MTL_ENABLE_DEBUG_INFO = NO;
				MTL_FAST_MATH = YES;
				SWIFT_COMPILATION_MODE = wholemodule;
			};
			name = Release;
		};
		A942FC682B9B7ACD008CA2C8 /* Debug */ = {
			isa = XCBuildConfiguration;
			buildSettings = {
				ASSETCATALOG_COMPILER_APPICON_NAME = AppIcon;
				ASSETCATALOG_COMPILER_GLOBAL_ACCENT_COLOR_NAME = AccentColor;
				CODE_SIGN_ENTITLEMENTS = SwiftUISample/SwiftUISample.entitlements;
				CODE_SIGN_STYLE = Automatic;
				CURRENT_PROJECT_VERSION = "$(CURRENT_PROJECT_VERSION)";
				DEVELOPMENT_ASSET_PATHS = "\"SwiftUISample/Assets/Preview Content\"";
				DEVELOPMENT_TEAM = 8Q24JJ6J4V;
				ENABLE_HARDENED_RUNTIME = YES;
				ENABLE_PREVIEWS = YES;
				GENERATE_INFOPLIST_FILE = YES;
				INFOPLIST_KEY_CFBundleDisplayName = "Sample App";
				INFOPLIST_KEY_LSApplicationCategoryType = "public.app-category.developer-tools";
				"INFOPLIST_KEY_UIApplicationSceneManifest_Generation[sdk=iphoneos*]" = YES;
				"INFOPLIST_KEY_UIApplicationSceneManifest_Generation[sdk=iphonesimulator*]" = YES;
				"INFOPLIST_KEY_UIApplicationSupportsIndirectInputEvents[sdk=iphoneos*]" = YES;
				"INFOPLIST_KEY_UIApplicationSupportsIndirectInputEvents[sdk=iphonesimulator*]" = YES;
				"INFOPLIST_KEY_UILaunchScreen_Generation[sdk=iphoneos*]" = YES;
				"INFOPLIST_KEY_UILaunchScreen_Generation[sdk=iphonesimulator*]" = YES;
				"INFOPLIST_KEY_UIStatusBarStyle[sdk=iphoneos*]" = UIStatusBarStyleDefault;
				"INFOPLIST_KEY_UIStatusBarStyle[sdk=iphonesimulator*]" = UIStatusBarStyleDefault;
				INFOPLIST_KEY_UISupportedInterfaceOrientations_iPad = "UIInterfaceOrientationPortrait UIInterfaceOrientationPortraitUpsideDown UIInterfaceOrientationLandscapeLeft UIInterfaceOrientationLandscapeRight";
				INFOPLIST_KEY_UISupportedInterfaceOrientations_iPhone = "UIInterfaceOrientationPortrait UIInterfaceOrientationLandscapeLeft UIInterfaceOrientationLandscapeRight";
				IPHONEOS_DEPLOYMENT_TARGET = 16.0;
				LD_RUNPATH_SEARCH_PATHS = "@executable_path/Frameworks";
				"LD_RUNPATH_SEARCH_PATHS[sdk=macosx*]" = "@executable_path/../Frameworks";
				MACOSX_DEPLOYMENT_TARGET = 13.0;
				MARKETING_VERSION = "$(MARKETING_VERSION)";
				PRODUCT_BUNDLE_IDENTIFIER = com.marcowenzel.SwiftUISample;
				PRODUCT_NAME = "$(TARGET_NAME)";
				SDKROOT = auto;
				SUPPORTED_PLATFORMS = "iphoneos iphonesimulator";
				SUPPORTS_MACCATALYST = NO;
				SWIFT_EMIT_LOC_STRINGS = YES;
				SWIFT_VERSION = 5.0;
				TARGETED_DEVICE_FAMILY = 1;
			};
			name = Debug;
		};
		A942FC692B9B7ACD008CA2C8 /* Release */ = {
			isa = XCBuildConfiguration;
			buildSettings = {
				ASSETCATALOG_COMPILER_APPICON_NAME = AppIcon;
				ASSETCATALOG_COMPILER_GLOBAL_ACCENT_COLOR_NAME = AccentColor;
				CODE_SIGN_ENTITLEMENTS = SwiftUISample/SwiftUISample.entitlements;
				CODE_SIGN_STYLE = Automatic;
				CURRENT_PROJECT_VERSION = "$(CURRENT_PROJECT_VERSION)";
				DEVELOPMENT_ASSET_PATHS = "\"SwiftUISample/Assets/Preview Content\"";
				DEVELOPMENT_TEAM = 8Q24JJ6J4V;
				ENABLE_HARDENED_RUNTIME = YES;
				ENABLE_PREVIEWS = YES;
				GENERATE_INFOPLIST_FILE = YES;
				INFOPLIST_KEY_CFBundleDisplayName = "Sample App";
				INFOPLIST_KEY_LSApplicationCategoryType = "public.app-category.developer-tools";
				"INFOPLIST_KEY_UIApplicationSceneManifest_Generation[sdk=iphoneos*]" = YES;
				"INFOPLIST_KEY_UIApplicationSceneManifest_Generation[sdk=iphonesimulator*]" = YES;
				"INFOPLIST_KEY_UIApplicationSupportsIndirectInputEvents[sdk=iphoneos*]" = YES;
				"INFOPLIST_KEY_UIApplicationSupportsIndirectInputEvents[sdk=iphonesimulator*]" = YES;
				"INFOPLIST_KEY_UILaunchScreen_Generation[sdk=iphoneos*]" = YES;
				"INFOPLIST_KEY_UILaunchScreen_Generation[sdk=iphonesimulator*]" = YES;
				"INFOPLIST_KEY_UIStatusBarStyle[sdk=iphoneos*]" = UIStatusBarStyleDefault;
				"INFOPLIST_KEY_UIStatusBarStyle[sdk=iphonesimulator*]" = UIStatusBarStyleDefault;
				INFOPLIST_KEY_UISupportedInterfaceOrientations_iPad = "UIInterfaceOrientationPortrait UIInterfaceOrientationPortraitUpsideDown UIInterfaceOrientationLandscapeLeft UIInterfaceOrientationLandscapeRight";
				INFOPLIST_KEY_UISupportedInterfaceOrientations_iPhone = "UIInterfaceOrientationPortrait UIInterfaceOrientationLandscapeLeft UIInterfaceOrientationLandscapeRight";
				IPHONEOS_DEPLOYMENT_TARGET = 16.0;
				LD_RUNPATH_SEARCH_PATHS = "@executable_path/Frameworks";
				"LD_RUNPATH_SEARCH_PATHS[sdk=macosx*]" = "@executable_path/../Frameworks";
				MACOSX_DEPLOYMENT_TARGET = 13.0;
				MARKETING_VERSION = "$(MARKETING_VERSION)";
				PRODUCT_BUNDLE_IDENTIFIER = com.marcowenzel.SwiftUISample;
				PRODUCT_NAME = "$(TARGET_NAME)";
				SDKROOT = auto;
				SUPPORTED_PLATFORMS = "iphoneos iphonesimulator";
				SUPPORTS_MACCATALYST = NO;
				SWIFT_EMIT_LOC_STRINGS = YES;
				SWIFT_VERSION = 5.0;
				TARGETED_DEVICE_FAMILY = 1;
			};
			name = Release;
		};
		A942FC6B2B9B7ACD008CA2C8 /* Debug */ = {
			isa = XCBuildConfiguration;
			buildSettings = {
				ALWAYS_EMBED_SWIFT_STANDARD_LIBRARIES = YES;
				CODE_SIGN_STYLE = Automatic;
				CURRENT_PROJECT_VERSION = "$(CURRENT_PROJECT_VERSION)";
				DEVELOPMENT_TEAM = 8Q24JJ6J4V;
				GENERATE_INFOPLIST_FILE = YES;
				IPHONEOS_DEPLOYMENT_TARGET = 16.0;
				MACOSX_DEPLOYMENT_TARGET = 13.0;
				MARKETING_VERSION = "$(MARKETING_VERSION)";
				PRODUCT_BUNDLE_IDENTIFIER = com.marcowenzel.SwiftUISampleTests;
				PRODUCT_NAME = "$(TARGET_NAME)";
				SDKROOT = auto;
				SUPPORTED_PLATFORMS = "iphoneos iphonesimulator";
				SUPPORTS_MACCATALYST = NO;
				SWIFT_EMIT_LOC_STRINGS = NO;
				SWIFT_VERSION = 5.0;
				TARGETED_DEVICE_FAMILY = 1;
			};
			name = Debug;
		};
		A942FC6C2B9B7ACD008CA2C8 /* Release */ = {
			isa = XCBuildConfiguration;
			buildSettings = {
				ALWAYS_EMBED_SWIFT_STANDARD_LIBRARIES = YES;
				CODE_SIGN_STYLE = Automatic;
				CURRENT_PROJECT_VERSION = "$(CURRENT_PROJECT_VERSION)";
				DEVELOPMENT_TEAM = 8Q24JJ6J4V;
				GENERATE_INFOPLIST_FILE = YES;
				IPHONEOS_DEPLOYMENT_TARGET = 16.0;
				MACOSX_DEPLOYMENT_TARGET = 13.0;
				MARKETING_VERSION = "$(MARKETING_VERSION)";
				PRODUCT_BUNDLE_IDENTIFIER = com.marcowenzel.SwiftUISampleTests;
				PRODUCT_NAME = "$(TARGET_NAME)";
				SDKROOT = auto;
				SUPPORTED_PLATFORMS = "iphoneos iphonesimulator";
				SUPPORTS_MACCATALYST = NO;
				SWIFT_EMIT_LOC_STRINGS = NO;
				SWIFT_VERSION = 5.0;
				TARGETED_DEVICE_FAMILY = 1;
			};
			name = Release;
		};
/* End XCBuildConfiguration section */

/* Begin XCConfigurationList section */
		A942FC3D2B9B7ACC008CA2C8 /* Build configuration list for PBXProject "SwiftUISample" */ = {
			isa = XCConfigurationList;
			buildConfigurations = (
				A942FC652B9B7ACD008CA2C8 /* Debug */,
				A942FC662B9B7ACD008CA2C8 /* Release */,
			);
			defaultConfigurationIsVisible = 0;
			defaultConfigurationName = Release;
		};
		A942FC672B9B7ACD008CA2C8 /* Build configuration list for PBXNativeTarget "SwiftUISample" */ = {
			isa = XCConfigurationList;
			buildConfigurations = (
				A942FC682B9B7ACD008CA2C8 /* Debug */,
				A942FC692B9B7ACD008CA2C8 /* Release */,
			);
			defaultConfigurationIsVisible = 0;
			defaultConfigurationName = Release;
		};
		A942FC6A2B9B7ACD008CA2C8 /* Build configuration list for PBXNativeTarget "SwiftUISampleTests" */ = {
			isa = XCConfigurationList;
			buildConfigurations = (
				A942FC6B2B9B7ACD008CA2C8 /* Debug */,
				A942FC6C2B9B7ACD008CA2C8 /* Release */,
			);
			defaultConfigurationIsVisible = 0;
			defaultConfigurationName = Release;
		};
/* End XCConfigurationList section */

/* Begin XCRemoteSwiftPackageReference section */
		A9DFE5862B9E6E1A0085C3AE /* XCRemoteSwiftPackageReference "lottie-spm" */ = {
			isa = XCRemoteSwiftPackageReference;
			repositoryURL = "https://github.com/airbnb/lottie-spm.git";
			requirement = {
				kind = upToNextMajorVersion;
				minimumVersion = 4.4.1;
			};
		};
/* End XCRemoteSwiftPackageReference section */

/* Begin XCSwiftPackageProductDependency section */
		A9DFE5872B9E6E1A0085C3AE /* Lottie */ = {
			isa = XCSwiftPackageProductDependency;
			package = A9DFE5862B9E6E1A0085C3AE /* XCRemoteSwiftPackageReference "lottie-spm" */;
			productName = Lottie;
		};
/* End XCSwiftPackageProductDependency section */
	};
	rootObject = A942FC3A2B9B7ACC008CA2C8 /* Project object */;
}
