// !$*UTF8*$!
{
	archiveVersion = 1;
	classes = {
	};
	objectVersion = 56;
	objects = {

/* Begin PBXBuildFile section */
		A942FC462B9B7ACC008CA2C8 /* SwiftUISampleApp.swift in Sources */ = {isa = PBXBuildFile; fileRef = A942FC452B9B7ACC008CA2C8 /* SwiftUISampleApp.swift */; };
		A942FC482B9B7ACC008CA2C8 /* ContentView.swift in Sources */ = {isa = PBXBuildFile; fileRef = A942FC472B9B7ACC008CA2C8 /* ContentView.swift */; };
		A942FC4A2B9B7ACD008CA2C8 /* Assets.xcassets in Resources */ = {isa = PBXBuildFile; fileRef = A942FC492B9B7ACD008CA2C8 /* Assets.xcassets */; };
		A942FC4E2B9B7ACD008CA2C8 /* Preview Assets.xcassets in Resources */ = {isa = PBXBuildFile; fileRef = A942FC4D2B9B7ACD008CA2C8 /* Preview Assets.xcassets */; };
		A942FC582B9B7ACD008CA2C8 /* SwiftUISampleTests.swift in Sources */ = {isa = PBXBuildFile; fileRef = A942FC572B9B7ACD008CA2C8 /* SwiftUISampleTests.swift */; };
		A942FC622B9B7ACD008CA2C8 /* SwiftUISampleUITests.swift in Sources */ = {isa = PBXBuildFile; fileRef = A942FC612B9B7ACD008CA2C8 /* SwiftUISampleUITests.swift */; };
		A942FC642B9B7ACD008CA2C8 /* SwiftUISampleUITestsLaunchTests.swift in Sources */ = {isa = PBXBuildFile; fileRef = A942FC632B9B7ACD008CA2C8 /* SwiftUISampleUITestsLaunchTests.swift */; };
/* End PBXBuildFile section */

/* Begin PBXContainerItemProxy section */
		A942FC542B9B7ACD008CA2C8 /* PBXContainerItemProxy */ = {
			isa = PBXContainerItemProxy;
			containerPortal = A942FC3A2B9B7ACC008CA2C8 /* Project object */;
			proxyType = 1;
			remoteGlobalIDString = A942FC412B9B7ACC008CA2C8;
			remoteInfo = SwiftUISample;
		};
		A942FC5E2B9B7ACD008CA2C8 /* PBXContainerItemProxy */ = {
			isa = PBXContainerItemProxy;
			containerPortal = A942FC3A2B9B7ACC008CA2C8 /* Project object */;
			proxyType = 1;
			remoteGlobalIDString = A942FC412B9B7ACC008CA2C8;
			remoteInfo = SwiftUISample;
		};
/* End PBXContainerItemProxy section */

/* Begin PBXFileReference section */
		A90B64912B9B7DFF00DE7A53 /* .gitignore */ = {isa = PBXFileReference; lastKnownFileType = text; path = .gitignore; sourceTree = SOURCE_ROOT; };
		A942FC422B9B7ACC008CA2C8 /* SwiftUISample.app */ = {isa = PBXFileReference; explicitFileType = wrapper.application; includeInIndex = 0; path = SwiftUISample.app; sourceTree = BUILT_PRODUCTS_DIR; };
		A942FC452B9B7ACC008CA2C8 /* SwiftUISampleApp.swift */ = {isa = PBXFileReference; lastKnownFileType = sourcecode.swift; path = SwiftUISampleApp.swift; sourceTree = "<group>"; };
		A942FC472B9B7ACC008CA2C8 /* ContentView.swift */ = {isa = PBXFileReference; lastKnownFileType = sourcecode.swift; path = ContentView.swift; sourceTree = "<group>"; };
		A942FC492B9B7ACD008CA2C8 /* Assets.xcassets */ = {isa = PBXFileReference; lastKnownFileType = folder.assetcatalog; path = Assets.xcassets; sourceTree = "<group>"; };
		A942FC4B2B9B7ACD008CA2C8 /* SwiftUISample.entitlements */ = {isa = PBXFileReference; lastKnownFileType = text.plist.entitlements; path = SwiftUISample.entitlements; sourceTree = "<group>"; };
		A942FC4D2B9B7ACD008CA2C8 /* Preview Assets.xcassets */ = {isa = PBXFileReference; lastKnownFileType = folder.assetcatalog; path = "Preview Assets.xcassets"; sourceTree = "<group>"; };
		A942FC532B9B7ACD008CA2C8 /* SwiftUISampleTests.xctest */ = {isa = PBXFileReference; explicitFileType = wrapper.cfbundle; includeInIndex = 0; path = SwiftUISampleTests.xctest; sourceTree = BUILT_PRODUCTS_DIR; };
		A942FC572B9B7ACD008CA2C8 /* SwiftUISampleTests.swift */ = {isa = PBXFileReference; lastKnownFileType = sourcecode.swift; path = SwiftUISampleTests.swift; sourceTree = "<group>"; };
		A942FC5D2B9B7ACD008CA2C8 /* SwiftUISampleUITests.xctest */ = {isa = PBXFileReference; explicitFileType = wrapper.cfbundle; includeInIndex = 0; path = SwiftUISampleUITests.xctest; sourceTree = BUILT_PRODUCTS_DIR; };
		A942FC612B9B7ACD008CA2C8 /* SwiftUISampleUITests.swift */ = {isa = PBXFileReference; lastKnownFileType = sourcecode.swift; path = SwiftUISampleUITests.swift; sourceTree = "<group>"; };
		A942FC632B9B7ACD008CA2C8 /* SwiftUISampleUITestsLaunchTests.swift */ = {isa = PBXFileReference; lastKnownFileType = sourcecode.swift; path = SwiftUISampleUITestsLaunchTests.swift; sourceTree = "<group>"; };
/* End PBXFileReference section */

/* Begin PBXFrameworksBuildPhase section */
		A942FC3F2B9B7ACC008CA2C8 /* Frameworks */ = {
			isa = PBXFrameworksBuildPhase;
			buildActionMask = 2147483647;
			files = (
			);
			runOnlyForDeploymentPostprocessing = 0;
		};
		A942FC502B9B7ACD008CA2C8 /* Frameworks */ = {
			isa = PBXFrameworksBuildPhase;
			buildActionMask = 2147483647;
			files = (
			);
			runOnlyForDeploymentPostprocessing = 0;
		};
		A942FC5A2B9B7ACD008CA2C8 /* Frameworks */ = {
			isa = PBXFrameworksBuildPhase;
			buildActionMask = 2147483647;
			files = (
			);
			runOnlyForDeploymentPostprocessing = 0;
		};
/* End PBXFrameworksBuildPhase section */

/* Begin PBXGroup section */
		A942FC392B9B7ACC008CA2C8 = {
			isa = PBXGroup;
			children = (
				A90B64912B9B7DFF00DE7A53 /* .gitignore */,
				A942FC442B9B7ACC008CA2C8 /* SwiftUISample */,
				A942FC562B9B7ACD008CA2C8 /* SwiftUISampleTests */,
				A942FC602B9B7ACD008CA2C8 /* SwiftUISampleUITests */,
				A942FC432B9B7ACC008CA2C8 /* Products */,
			);
			sourceTree = "<group>";
		};
		A942FC432B9B7ACC008CA2C8 /* Products */ = {
			isa = PBXGroup;
			children = (
				A942FC422B9B7ACC008CA2C8 /* SwiftUISample.app */,
				A942FC532B9B7ACD008CA2C8 /* SwiftUISampleTests.xctest */,
				A942FC5D2B9B7ACD008CA2C8 /* SwiftUISampleUITests.xctest */,
			);
			name = Products;
			sourceTree = "<group>";
		};
		A942FC442B9B7ACC008CA2C8 /* SwiftUISample */ = {
			isa = PBXGroup;
			children = (
				A942FC452B9B7ACC008CA2C8 /* SwiftUISampleApp.swift */,
				A942FC472B9B7ACC008CA2C8 /* ContentView.swift */,
				A942FC492B9B7ACD008CA2C8 /* Assets.xcassets */,
				A942FC4B2B9B7ACD008CA2C8 /* SwiftUISample.entitlements */,
				A942FC4C2B9B7ACD008CA2C8 /* Preview Content */,
			);
			path = SwiftUISample;
			sourceTree = "<group>";
		};
		A942FC4C2B9B7ACD008CA2C8 /* Preview Content */ = {
			isa = PBXGroup;
			children = (
				A942FC4D2B9B7ACD008CA2C8 /* Preview Assets.xcassets */,
			);
			path = "Preview Content";
			sourceTree = "<group>";
		};
		A942FC562B9B7ACD008CA2C8 /* SwiftUISampleTests */ = {
			isa = PBXGroup;
			children = (
				A942FC572B9B7ACD008CA2C8 /* SwiftUISampleTests.swift */,
			);
			path = SwiftUISampleTests;
			sourceTree = "<group>";
		};
		A942FC602B9B7ACD008CA2C8 /* SwiftUISampleUITests */ = {
			isa = PBXGroup;
			children = (
				A942FC612B9B7ACD008CA2C8 /* SwiftUISampleUITests.swift */,
				A942FC632B9B7ACD008CA2C8 /* SwiftUISampleUITestsLaunchTests.swift */,
			);
			path = SwiftUISampleUITests;
			sourceTree = "<group>";
		};
/* End PBXGroup section */

/* Begin PBXNativeTarget section */
		A942FC412B9B7ACC008CA2C8 /* SwiftUISample */ = {
			isa = PBXNativeTarget;
			buildConfigurationList = A942FC672B9B7ACD008CA2C8 /* Build configuration list for PBXNativeTarget "SwiftUISample" */;
			buildPhases = (
				A942FC3E2B9B7ACC008CA2C8 /* Sources */,
				A942FC3F2B9B7ACC008CA2C8 /* Frameworks */,
				A942FC402B9B7ACC008CA2C8 /* Resources */,
			);
			buildRules = (
			);
			dependencies = (
			);
			name = SwiftUISample;
			productName = SwiftUISample;
			productReference = A942FC422B9B7ACC008CA2C8 /* SwiftUISample.app */;
			productType = "com.apple.product-type.application";
		};
		A942FC522B9B7ACD008CA2C8 /* SwiftUISampleTests */ = {
			isa = PBXNativeTarget;
			buildConfigurationList = A942FC6A2B9B7ACD008CA2C8 /* Build configuration list for PBXNativeTarget "SwiftUISampleTests" */;
			buildPhases = (
				A942FC4F2B9B7ACD008CA2C8 /* Sources */,
				A942FC502B9B7ACD008CA2C8 /* Frameworks */,
				A942FC512B9B7ACD008CA2C8 /* Resources */,
			);
			buildRules = (
			);
			dependencies = (
				A942FC552B9B7ACD008CA2C8 /* PBXTargetDependency */,
			);
			name = SwiftUISampleTests;
			productName = SwiftUISampleTests;
			productReference = A942FC532B9B7ACD008CA2C8 /* SwiftUISampleTests.xctest */;
			productType = "com.apple.product-type.bundle.unit-test";
		};
		A942FC5C2B9B7ACD008CA2C8 /* SwiftUISampleUITests */ = {
			isa = PBXNativeTarget;
			buildConfigurationList = A942FC6D2B9B7ACD008CA2C8 /* Build configuration list for PBXNativeTarget "SwiftUISampleUITests" */;
			buildPhases = (
				A942FC592B9B7ACD008CA2C8 /* Sources */,
				A942FC5A2B9B7ACD008CA2C8 /* Frameworks */,
				A942FC5B2B9B7ACD008CA2C8 /* Resources */,
			);
			buildRules = (
			);
			dependencies = (
				A942FC5F2B9B7ACD008CA2C8 /* PBXTargetDependency */,
			);
			name = SwiftUISampleUITests;
			productName = SwiftUISampleUITests;
			productReference = A942FC5D2B9B7ACD008CA2C8 /* SwiftUISampleUITests.xctest */;
			productType = "com.apple.product-type.bundle.ui-testing";
		};
/* End PBXNativeTarget section */

/* Begin PBXProject section */
		A942FC3A2B9B7ACC008CA2C8 /* Project object */ = {
			isa = PBXProject;
			attributes = {
				BuildIndependentTargetsInParallel = 1;
				LastSwiftUpdateCheck = 1530;
				LastUpgradeCheck = 1530;
				TargetAttributes = {
					A942FC412B9B7ACC008CA2C8 = {
						CreatedOnToolsVersion = 15.3;
					};
					A942FC522B9B7ACD008CA2C8 = {
						CreatedOnToolsVersion = 15.3;
						TestTargetID = A942FC412B9B7ACC008CA2C8;
					};
					A942FC5C2B9B7ACD008CA2C8 = {
						CreatedOnToolsVersion = 15.3;
						TestTargetID = A942FC412B9B7ACC008CA2C8;
					};
				};
			};
			buildConfigurationList = A942FC3D2B9B7ACC008CA2C8 /* Build configuration list for PBXProject "SwiftUISample" */;
			compatibilityVersion = "Xcode 14.0";
			developmentRegion = de;
			hasScannedForEncodings = 0;
			knownRegions = (
				Base,
				de,
			);
			mainGroup = A942FC392B9B7ACC008CA2C8;
			productRefGroup = A942FC432B9B7ACC008CA2C8 /* Products */;
			projectDirPath = "";
			projectRoot = "";
			targets = (
				A942FC412B9B7ACC008CA2C8 /* SwiftUISample */,
				A942FC522B9B7ACD008CA2C8 /* SwiftUISampleTests */,
				A942FC5C2B9B7ACD008CA2C8 /* SwiftUISampleUITests */,
			);
		};
/* End PBXProject section */

/* Begin PBXResourcesBuildPhase section */
		A942FC402B9B7ACC008CA2C8 /* Resources */ = {
			isa = PBXResourcesBuildPhase;
			buildActionMask = 2147483647;
			files = (
				A942FC4E2B9B7ACD008CA2C8 /* Preview Assets.xcassets in Resources */,
				A942FC4A2B9B7ACD008CA2C8 /* Assets.xcassets in Resources */,
			);
			runOnlyForDeploymentPostprocessing = 0;
		};
		A942FC512B9B7ACD008CA2C8 /* Resources */ = {
			isa = PBXResourcesBuildPhase;
			buildActionMask = 2147483647;
			files = (
			);
			runOnlyForDeploymentPostprocessing = 0;
		};
		A942FC5B2B9B7ACD008CA2C8 /* Resources */ = {
			isa = PBXResourcesBuildPhase;
			buildActionMask = 2147483647;
			files = (
			);
			runOnlyForDeploymentPostprocessing = 0;
		};
/* End PBXResourcesBuildPhase section */

/* Begin PBXSourcesBuildPhase section */
		A942FC3E2B9B7ACC008CA2C8 /* Sources */ = {
			isa = PBXSourcesBuildPhase;
			buildActionMask = 2147483647;
			files = (
				A942FC482B9B7ACC008CA2C8 /* ContentView.swift in Sources */,
				A942FC462B9B7ACC008CA2C8 /* SwiftUISampleApp.swift in Sources */,
			);
			runOnlyForDeploymentPostprocessing = 0;
		};
		A942FC4F2B9B7ACD008CA2C8 /* Sources */ = {
			isa = PBXSourcesBuildPhase;
			buildActionMask = 2147483647;
			files = (
				A942FC582B9B7ACD008CA2C8 /* SwiftUISampleTests.swift in Sources */,
			);
			runOnlyForDeploymentPostprocessing = 0;
		};
		A942FC592B9B7ACD008CA2C8 /* Sources */ = {
			isa = PBXSourcesBuildPhase;
			buildActionMask = 2147483647;
			files = (
				A942FC642B9B7ACD008CA2C8 /* SwiftUISampleUITestsLaunchTests.swift in Sources */,
				A942FC622B9B7ACD008CA2C8 /* SwiftUISampleUITests.swift in Sources */,
			);
			runOnlyForDeploymentPostprocessing = 0;
		};
/* End PBXSourcesBuildPhase section */

/* Begin PBXTargetDependency section */
		A942FC552B9B7ACD008CA2C8 /* PBXTargetDependency */ = {
			isa = PBXTargetDependency;
			target = A942FC412B9B7ACC008CA2C8 /* SwiftUISample */;
			targetProxy = A942FC542B9B7ACD008CA2C8 /* PBXContainerItemProxy */;
		};
		A942FC5F2B9B7ACD008CA2C8 /* PBXTargetDependency */ = {
			isa = PBXTargetDependency;
			target = A942FC412B9B7ACC008CA2C8 /* SwiftUISample */;
			targetProxy = A942FC5E2B9B7ACD008CA2C8 /* PBXContainerItemProxy */;
		};
/* End PBXTargetDependency section */

/* Begin XCBuildConfiguration section */
		A942FC652B9B7ACD008CA2C8 /* Debug */ = {
			isa = XCBuildConfiguration;
			buildSettings = {
				ALWAYS_SEARCH_USER_PATHS = NO;
				ASSETCATALOG_COMPILER_GENERATE_SWIFT_ASSET_SYMBOL_EXTENSIONS = YES;
				CLANG_ANALYZER_NONNULL = YES;
				CLANG_ANALYZER_NUMBER_OBJECT_CONVERSION = YES_AGGRESSIVE;
				CLANG_CXX_LANGUAGE_STANDARD = "gnu++20";
				CLANG_ENABLE_MODULES = YES;
				CLANG_ENABLE_OBJC_ARC = YES;
				CLANG_ENABLE_OBJC_WEAK = YES;
				CLANG_WARN_BLOCK_CAPTURE_AUTORELEASING = YES;
				CLANG_WARN_BOOL_CONVERSION = YES;
				CLANG_WARN_COMMA = YES;
				CLANG_WARN_CONSTANT_CONVERSION = YES;
				CLANG_WARN_DEPRECATED_OBJC_IMPLEMENTATIONS = YES;
				CLANG_WARN_DIRECT_OBJC_ISA_USAGE = YES_ERROR;
				CLANG_WARN_DOCUMENTATION_COMMENTS = YES;
				CLANG_WARN_EMPTY_BODY = YES;
				CLANG_WARN_ENUM_CONVERSION = YES;
				CLANG_WARN_INFINITE_RECURSION = YES;
				CLANG_WARN_INT_CONVERSION = YES;
				CLANG_WARN_NON_LITERAL_NULL_CONVERSION = YES;
				CLANG_WARN_OBJC_IMPLICIT_RETAIN_SELF = YES;
				CLANG_WARN_OBJC_LITERAL_CONVERSION = YES;
				CLANG_WARN_OBJC_ROOT_CLASS = YES_ERROR;
				CLANG_WARN_QUOTED_INCLUDE_IN_FRAMEWORK_HEADER = YES;
				CLANG_WARN_RANGE_LOOP_ANALYSIS = YES;
				CLANG_WARN_STRICT_PROTOTYPES = YES;
				CLANG_WARN_SUSPICIOUS_MOVE = YES;
				CLANG_WARN_UNGUARDED_AVAILABILITY = YES_AGGRESSIVE;
				CLANG_WARN_UNREACHABLE_CODE = YES;
				CLANG_WARN__DUPLICATE_METHOD_MATCH = YES;
				COPY_PHASE_STRIP = NO;
				CURRENT_PROJECT_VERSION = 24001;
				DEBUG_INFORMATION_FORMAT = dwarf;
				ENABLE_STRICT_OBJC_MSGSEND = YES;
				ENABLE_TESTABILITY = YES;
				ENABLE_USER_SCRIPT_SANDBOXING = YES;
				GCC_C_LANGUAGE_STANDARD = gnu17;
				GCC_DYNAMIC_NO_PIC = NO;
				GCC_NO_COMMON_BLOCKS = YES;
				GCC_OPTIMIZATION_LEVEL = 0;
				GCC_PREPROCESSOR_DEFINITIONS = (
					"DEBUG=1",
					"$(inherited)",
				);
				GCC_WARN_64_TO_32_BIT_CONVERSION = YES;
				GCC_WARN_ABOUT_RETURN_TYPE = YES_ERROR;
				GCC_WARN_UNDECLARED_SELECTOR = YES;
				GCC_WARN_UNINITIALIZED_AUTOS = YES_AGGRESSIVE;
				GCC_WARN_UNUSED_FUNCTION = YES;
				GCC_WARN_UNUSED_VARIABLE = YES;
				IPHONEOS_DEPLOYMENT_TARGET = 16.0;
				LOCALIZATION_PREFERS_STRING_CATALOGS = YES;
				MACOSX_DEPLOYMENT_TARGET = 13.0;
				MARKETING_VERSION = 0.0.1;
				MTL_ENABLE_DEBUG_INFO = INCLUDE_SOURCE;
				MTL_FAST_MATH = YES;
				ONLY_ACTIVE_ARCH = YES;
				SWIFT_ACTIVE_COMPILATION_CONDITIONS = "DEBUG $(inherited)";
				SWIFT_OPTIMIZATION_LEVEL = "-Onone";
			};
			name = Debug;
		};
		A942FC662B9B7ACD008CA2C8 /* Release */ = {
			isa = XCBuildConfiguration;
			buildSettings = {
				ALWAYS_SEARCH_USER_PATHS = NO;
				ASSETCATALOG_COMPILER_GENERATE_SWIFT_ASSET_SYMBOL_EXTENSIONS = YES;
				CLANG_ANALYZER_NONNULL = YES;
				CLANG_ANALYZER_NUMBER_OBJECT_CONVERSION = YES_AGGRESSIVE;
				CLANG_CXX_LANGUAGE_STANDARD = "gnu++20";
				CLANG_ENABLE_MODULES = YES;
				CLANG_ENABLE_OBJC_ARC = YES;
				CLANG_ENABLE_OBJC_WEAK = YES;
				CLANG_WARN_BLOCK_CAPTURE_AUTORELEASING = YES;
				CLANG_WARN_BOOL_CONVERSION = YES;
				CLANG_WARN_COMMA = YES;
				CLANG_WARN_CONSTANT_CONVERSION = YES;
				CLANG_WARN_DEPRECATED_OBJC_IMPLEMENTATIONS = YES;
				CLANG_WARN_DIRECT_OBJC_ISA_USAGE = YES_ERROR;
				CLANG_WARN_DOCUMENTATION_COMMENTS = YES;
				CLANG_WARN_EMPTY_BODY = YES;
				CLANG_WARN_ENUM_CONVERSION = YES;
				CLANG_WARN_INFINITE_RECURSION = YES;
				CLANG_WARN_INT_CONVERSION = YES;
				CLANG_WARN_NON_LITERAL_NULL_CONVERSION = YES;
				CLANG_WARN_OBJC_IMPLICIT_RETAIN_SELF = YES;
				CLANG_WARN_OBJC_LITERAL_CONVERSION = YES;
				CLANG_WARN_OBJC_ROOT_CLASS = YES_ERROR;
				CLANG_WARN_QUOTED_INCLUDE_IN_FRAMEWORK_HEADER = YES;
				CLANG_WARN_RANGE_LOOP_ANALYSIS = YES;
				CLANG_WARN_STRICT_PROTOTYPES = YES;
				CLANG_WARN_SUSPICIOUS_MOVE = YES;
				CLANG_WARN_UNGUARDED_AVAILABILITY = YES_AGGRESSIVE;
				CLANG_WARN_UNREACHABLE_CODE = YES;
				CLANG_WARN__DUPLICATE_METHOD_MATCH = YES;
				COPY_PHASE_STRIP = NO;
				CURRENT_PROJECT_VERSION = 24001;
				DEBUG_INFORMATION_FORMAT = "dwarf-with-dsym";
				ENABLE_NS_ASSERTIONS = NO;
				ENABLE_STRICT_OBJC_MSGSEND = YES;
				ENABLE_USER_SCRIPT_SANDBOXING = YES;
				GCC_C_LANGUAGE_STANDARD = gnu17;
				GCC_NO_COMMON_BLOCKS = YES;
				GCC_WARN_64_TO_32_BIT_CONVERSION = YES;
				GCC_WARN_ABOUT_RETURN_TYPE = YES_ERROR;
				GCC_WARN_UNDECLARED_SELECTOR = YES;
				GCC_WARN_UNINITIALIZED_AUTOS = YES_AGGRESSIVE;
				GCC_WARN_UNUSED_FUNCTION = YES;
				GCC_WARN_UNUSED_VARIABLE = YES;
				IPHONEOS_DEPLOYMENT_TARGET = 16.0;
				LOCALIZATION_PREFERS_STRING_CATALOGS = YES;
				MACOSX_DEPLOYMENT_TARGET = 13.0;
				MARKETING_VERSION = 0.0.1;
				MTL_ENABLE_DEBUG_INFO = NO;
				MTL_FAST_MATH = YES;
				SWIFT_COMPILATION_MODE = wholemodule;
			};
			name = Release;
		};
		A942FC682B9B7ACD008CA2C8 /* Debug */ = {
			isa = XCBuildConfiguration;
			buildSettings = {
				ASSETCATALOG_COMPILER_APPICON_NAME = AppIcon;
				ASSETCATALOG_COMPILER_GLOBAL_ACCENT_COLOR_NAME = AccentColor;
				CODE_SIGN_ENTITLEMENTS = SwiftUISample/SwiftUISample.entitlements;
				CODE_SIGN_STYLE = Automatic;
				CURRENT_PROJECT_VERSION = "$(CURRENT_PROJECT_VERSION)";
				DEVELOPMENT_ASSET_PATHS = "\"SwiftUISample/Preview Content\"";
				DEVELOPMENT_TEAM = 8Q24JJ6J4V;
				ENABLE_HARDENED_RUNTIME = YES;
				ENABLE_PREVIEWS = YES;
				GENERATE_INFOPLIST_FILE = YES;
				INFOPLIST_KEY_CFBundleDisplayName = "Sample App";
				INFOPLIST_KEY_LSApplicationCategoryType = "public.app-category.developer-tools";
				"INFOPLIST_KEY_UIApplicationSceneManifest_Generation[sdk=iphoneos*]" = YES;
				"INFOPLIST_KEY_UIApplicationSceneManifest_Generation[sdk=iphonesimulator*]" = YES;
				"INFOPLIST_KEY_UIApplicationSupportsIndirectInputEvents[sdk=iphoneos*]" = YES;
				"INFOPLIST_KEY_UIApplicationSupportsIndirectInputEvents[sdk=iphonesimulator*]" = YES;
				"INFOPLIST_KEY_UILaunchScreen_Generation[sdk=iphoneos*]" = YES;
				"INFOPLIST_KEY_UILaunchScreen_Generation[sdk=iphonesimulator*]" = YES;
				"INFOPLIST_KEY_UIStatusBarStyle[sdk=iphoneos*]" = UIStatusBarStyleDefault;
				"INFOPLIST_KEY_UIStatusBarStyle[sdk=iphonesimulator*]" = UIStatusBarStyleDefault;
				INFOPLIST_KEY_UISupportedInterfaceOrientations_iPad = "UIInterfaceOrientationPortrait UIInterfaceOrientationPortraitUpsideDown UIInterfaceOrientationLandscapeLeft UIInterfaceOrientationLandscapeRight";
				INFOPLIST_KEY_UISupportedInterfaceOrientations_iPhone = "UIInterfaceOrientationPortrait UIInterfaceOrientationLandscapeLeft UIInterfaceOrientationLandscapeRight";
				IPHONEOS_DEPLOYMENT_TARGET = 16.0;
				LD_RUNPATH_SEARCH_PATHS = "@executable_path/Frameworks";
				"LD_RUNPATH_SEARCH_PATHS[sdk=macosx*]" = "@executable_path/../Frameworks";
				MACOSX_DEPLOYMENT_TARGET = 13.0;
				MARKETING_VERSION = "$(MARKETING_VERSION)";
				PRODUCT_BUNDLE_IDENTIFIER = com.marcowenzel.SwiftUISample;
				PRODUCT_NAME = "$(TARGET_NAME)";
				SDKROOT = auto;
				SUPPORTED_PLATFORMS = "iphoneos iphonesimulator";
				SUPPORTS_MACCATALYST = NO;
				SWIFT_EMIT_LOC_STRINGS = YES;
				SWIFT_VERSION = 5.0;
				TARGETED_DEVICE_FAMILY = 1;
			};
			name = Debug;
		};
		A942FC692B9B7ACD008CA2C8 /* Release */ = {
			isa = XCBuildConfiguration;
			buildSettings = {
				ASSETCATALOG_COMPILER_APPICON_NAME = AppIcon;
				ASSETCATALOG_COMPILER_GLOBAL_ACCENT_COLOR_NAME = AccentColor;
				CODE_SIGN_ENTITLEMENTS = SwiftUISample/SwiftUISample.entitlements;
				CODE_SIGN_STYLE = Automatic;
				CURRENT_PROJECT_VERSION = "$(CURRENT_PROJECT_VERSION)";
				DEVELOPMENT_ASSET_PATHS = "\"SwiftUISample/Preview Content\"";
				DEVELOPMENT_TEAM = 8Q24JJ6J4V;
				ENABLE_HARDENED_RUNTIME = YES;
				ENABLE_PREVIEWS = YES;
				GENERATE_INFOPLIST_FILE = YES;
				INFOPLIST_KEY_CFBundleDisplayName = "Sample App";
				INFOPLIST_KEY_LSApplicationCategoryType = "public.app-category.developer-tools";
				"INFOPLIST_KEY_UIApplicationSceneManifest_Generation[sdk=iphoneos*]" = YES;
				"INFOPLIST_KEY_UIApplicationSceneManifest_Generation[sdk=iphonesimulator*]" = YES;
				"INFOPLIST_KEY_UIApplicationSupportsIndirectInputEvents[sdk=iphoneos*]" = YES;
				"INFOPLIST_KEY_UIApplicationSupportsIndirectInputEvents[sdk=iphonesimulator*]" = YES;
				"INFOPLIST_KEY_UILaunchScreen_Generation[sdk=iphoneos*]" = YES;
				"INFOPLIST_KEY_UILaunchScreen_Generation[sdk=iphonesimulator*]" = YES;
				"INFOPLIST_KEY_UIStatusBarStyle[sdk=iphoneos*]" = UIStatusBarStyleDefault;
				"INFOPLIST_KEY_UIStatusBarStyle[sdk=iphonesimulator*]" = UIStatusBarStyleDefault;
				INFOPLIST_KEY_UISupportedInterfaceOrientations_iPad = "UIInterfaceOrientationPortrait UIInterfaceOrientationPortraitUpsideDown UIInterfaceOrientationLandscapeLeft UIInterfaceOrientationLandscapeRight";
				INFOPLIST_KEY_UISupportedInterfaceOrientations_iPhone = "UIInterfaceOrientationPortrait UIInterfaceOrientationLandscapeLeft UIInterfaceOrientationLandscapeRight";
				IPHONEOS_DEPLOYMENT_TARGET = 16.0;
				LD_RUNPATH_SEARCH_PATHS = "@executable_path/Frameworks";
				"LD_RUNPATH_SEARCH_PATHS[sdk=macosx*]" = "@executable_path/../Frameworks";
				MACOSX_DEPLOYMENT_TARGET = 13.0;
				MARKETING_VERSION = "$(MARKETING_VERSION)";
				PRODUCT_BUNDLE_IDENTIFIER = com.marcowenzel.SwiftUISample;
				PRODUCT_NAME = "$(TARGET_NAME)";
				SDKROOT = auto;
				SUPPORTED_PLATFORMS = "iphoneos iphonesimulator";
				SUPPORTS_MACCATALYST = NO;
				SWIFT_EMIT_LOC_STRINGS = YES;
				SWIFT_VERSION = 5.0;
				TARGETED_DEVICE_FAMILY = 1;
			};
			name = Release;
		};
		A942FC6B2B9B7ACD008CA2C8 /* Debug */ = {
			isa = XCBuildConfiguration;
			buildSettings = {
				ALWAYS_EMBED_SWIFT_STANDARD_LIBRARIES = YES;
				BUNDLE_LOADER = "$(TEST_HOST)";
				CODE_SIGN_STYLE = Automatic;
				CURRENT_PROJECT_VERSION = "$(CURRENT_PROJECT_VERSION)";
				DEVELOPMENT_TEAM = 8Q24JJ6J4V;
				GENERATE_INFOPLIST_FILE = YES;
				IPHONEOS_DEPLOYMENT_TARGET = 16.0;
				MACOSX_DEPLOYMENT_TARGET = 13.0;
				MARKETING_VERSION = "$(MARKETING_VERSION)";
				PRODUCT_BUNDLE_IDENTIFIER = com.marcowenzel.SwiftUISampleTests;
				PRODUCT_NAME = "$(TARGET_NAME)";
				SDKROOT = auto;
				SUPPORTED_PLATFORMS = "iphoneos iphonesimulator";
				SUPPORTS_MACCATALYST = NO;
				SWIFT_EMIT_LOC_STRINGS = NO;
				SWIFT_VERSION = 5.0;
				TARGETED_DEVICE_FAMILY = 1;
				TEST_HOST = "$(BUILT_PRODUCTS_DIR)/SwiftUISample.app/$(BUNDLE_EXECUTABLE_FOLDER_PATH)/SwiftUISample";
			};
			name = Debug;
		};
		A942FC6C2B9B7ACD008CA2C8 /* Release */ = {
			isa = XCBuildConfiguration;
			buildSettings = {
				ALWAYS_EMBED_SWIFT_STANDARD_LIBRARIES = YES;
				BUNDLE_LOADER = "$(TEST_HOST)";
				CODE_SIGN_STYLE = Automatic;
				CURRENT_PROJECT_VERSION = "$(CURRENT_PROJECT_VERSION)";
				DEVELOPMENT_TEAM = 8Q24JJ6J4V;
				GENERATE_INFOPLIST_FILE = YES;
				IPHONEOS_DEPLOYMENT_TARGET = 16.0;
				MACOSX_DEPLOYMENT_TARGET = 13.0;
				MARKETING_VERSION = "$(MARKETING_VERSION)";
				PRODUCT_BUNDLE_IDENTIFIER = com.marcowenzel.SwiftUISampleTests;
				PRODUCT_NAME = "$(TARGET_NAME)";
				SDKROOT = auto;
				SUPPORTED_PLATFORMS = "iphoneos iphonesimulator";
				SUPPORTS_MACCATALYST = NO;
				SWIFT_EMIT_LOC_STRINGS = NO;
				SWIFT_VERSION = 5.0;
				TARGETED_DEVICE_FAMILY = 1;
				TEST_HOST = "$(BUILT_PRODUCTS_DIR)/SwiftUISample.app/$(BUNDLE_EXECUTABLE_FOLDER_PATH)/SwiftUISample";
			};
			name = Release;
		};
		A942FC6E2B9B7ACD008CA2C8 /* Debug */ = {
			isa = XCBuildConfiguration;
			buildSettings = {
				ALWAYS_EMBED_SWIFT_STANDARD_LIBRARIES = YES;
				CODE_SIGN_STYLE = Automatic;
				CURRENT_PROJECT_VERSION = "$(CURRENT_PROJECT_VERSION)";
				DEVELOPMENT_TEAM = 8Q24JJ6J4V;
				GENERATE_INFOPLIST_FILE = YES;
				IPHONEOS_DEPLOYMENT_TARGET = 16.0;
				MACOSX_DEPLOYMENT_TARGET = 13.0;
				MARKETING_VERSION = "$(MARKETING_VERSION)";
				PRODUCT_BUNDLE_IDENTIFIER = com.marcowenzel.SwiftUISampleUITests;
				PRODUCT_NAME = "$(TARGET_NAME)";
				SDKROOT = auto;
				SUPPORTED_PLATFORMS = "iphoneos iphonesimulator";
				SUPPORTS_MACCATALYST = NO;
				SWIFT_EMIT_LOC_STRINGS = NO;
				SWIFT_VERSION = 5.0;
				TARGETED_DEVICE_FAMILY = 1;
				TEST_TARGET_NAME = SwiftUISample;
			};
			name = Debug;
		};
		A942FC6F2B9B7ACD008CA2C8 /* Release */ = {
			isa = XCBuildConfiguration;
			buildSettings = {
				ALWAYS_EMBED_SWIFT_STANDARD_LIBRARIES = YES;
				CODE_SIGN_STYLE = Automatic;
				CURRENT_PROJECT_VERSION = "$(CURRENT_PROJECT_VERSION)";
				DEVELOPMENT_TEAM = 8Q24JJ6J4V;
				GENERATE_INFOPLIST_FILE = YES;
				IPHONEOS_DEPLOYMENT_TARGET = 16.0;
				MACOSX_DEPLOYMENT_TARGET = 13.0;
				MARKETING_VERSION = "$(MARKETING_VERSION)";
				PRODUCT_BUNDLE_IDENTIFIER = com.marcowenzel.SwiftUISampleUITests;
				PRODUCT_NAME = "$(TARGET_NAME)";
				SDKROOT = auto;
				SUPPORTED_PLATFORMS = "iphoneos iphonesimulator";
				SUPPORTS_MACCATALYST = NO;
				SWIFT_EMIT_LOC_STRINGS = NO;
				SWIFT_VERSION = 5.0;
				TARGETED_DEVICE_FAMILY = 1;
				TEST_TARGET_NAME = SwiftUISample;
			};
			name = Release;
		};
/* End XCBuildConfiguration section */

/* Begin XCConfigurationList section */
		A942FC3D2B9B7ACC008CA2C8 /* Build configuration list for PBXProject "SwiftUISample" */ = {
			isa = XCConfigurationList;
			buildConfigurations = (
				A942FC652B9B7ACD008CA2C8 /* Debug */,
				A942FC662B9B7ACD008CA2C8 /* Release */,
			);
			defaultConfigurationIsVisible = 0;
			defaultConfigurationName = Release;
		};
		A942FC672B9B7ACD008CA2C8 /* Build configuration list for PBXNativeTarget "SwiftUISample" */ = {
			isa = XCConfigurationList;
			buildConfigurations = (
				A942FC682B9B7ACD008CA2C8 /* Debug */,
				A942FC692B9B7ACD008CA2C8 /* Release */,
			);
			defaultConfigurationIsVisible = 0;
			defaultConfigurationName = Release;
		};
		A942FC6A2B9B7ACD008CA2C8 /* Build configuration list for PBXNativeTarget "SwiftUISampleTests" */ = {
			isa = XCConfigurationList;
			buildConfigurations = (
				A942FC6B2B9B7ACD008CA2C8 /* Debug */,
				A942FC6C2B9B7ACD008CA2C8 /* Release */,
			);
			defaultConfigurationIsVisible = 0;
			defaultConfigurationName = Release;
		};
		A942FC6D2B9B7ACD008CA2C8 /* Build configuration list for PBXNativeTarget "SwiftUISampleUITests" */ = {
			isa = XCConfigurationList;
			buildConfigurations = (
				A942FC6E2B9B7ACD008CA2C8 /* Debug */,
				A942FC6F2B9B7ACD008CA2C8 /* Release */,
			);
			defaultConfigurationIsVisible = 0;
			defaultConfigurationName = Release;
		};
/* End XCConfigurationList section */
	};
	rootObject = A942FC3A2B9B7ACC008CA2C8 /* Project object */;
}
